
Microsoft Visual Studio Solution File, Format Version 12.00
# Visual Studio 15
VisualStudioVersion = 15.0.27130.2036
MinimumVisualStudioVersion = 10.0.40219.1
Project("{9A19103F-16F7-4668-BE54-9A1E7A4F7556}") = "OrderTask.Web", "OrderTask\OrderTask.Web.csproj", "{2D9D6B8A-E283-48FF-880C-AA017DBB7D15}"
EndProject
Project("{9A19103F-16F7-4668-BE54-9A1E7A4F7556}") = "OrderTask.UnitOfWork", "OrderTask.UnitOfWork\OrderTask.UnitOfWork.csproj", "{7202C980-90B1-41E7-BFE4-C10350B8C409}"
EndProject
Project("{9A19103F-16F7-4668-BE54-9A1E7A4F7556}") = "OrderTask.Model", "OrderTask.Model\OrderTask.Model.csproj", "{38ABE6D6-9078-414F-BC6E-8DCF13234C70}"
EndProject
Project("{9A19103F-16F7-4668-BE54-9A1E7A4F7556}") = "OrderTask.Service", "OrderTask.Service\OrderTask.Service.csproj", "{E9A44D5D-EC8F-4385-862F-15814A03B475}"
EndProject
Project("{9A19103F-16F7-4668-BE54-9A1E7A4F7556}") = "OrderTask.Common", "OrderTask.Common\OrderTask.Common.csproj", "{28F067C6-6D9C-4A7B-8CC2-94CF0B36CA0E}"
EndProject
Project("{FAE04EC0-301F-11D3-BF4B-00C04F79EFBC}") = "OrderTask.Test", "OrderTask.Test\OrderTask.Test.csproj", "{A119D857-23EB-4B6E-99C3-809CFCA1A253}"
EndProject
Global
	GlobalSection(SolutionConfigurationPlatforms) = preSolution
		Debug|Any CPU = Debug|Any CPU
		Release|Any CPU = Release|Any CPU
	EndGlobalSection
	GlobalSection(ProjectConfigurationPlatforms) = postSolution
		{2D9D6B8A-E283-48FF-880C-AA017DBB7D15}.Debug|Any CPU.ActiveCfg = Debug|Any CPU
		{2D9D6B8A-E283-48FF-880C-AA017DBB7D15}.Debug|Any CPU.Build.0 = Debug|Any CPU
		{2D9D6B8A-E283-48FF-880C-AA017DBB7D15}.Release|Any CPU.ActiveCfg = Release|Any CPU
		{2D9D6B8A-E283-48FF-880C-AA017DBB7D15}.Release|Any CPU.Build.0 = Release|Any CPU
		{7202C980-90B1-41E7-BFE4-C10350B8C409}.Debug|Any CPU.ActiveCfg = Debug|Any CPU
		{7202C980-90B1-41E7-BFE4-C10350B8C409}.Debug|Any CPU.Build.0 = Debug|Any CPU
		{7202C980-90B1-41E7-BFE4-C10350B8C409}.Release|Any CPU.ActiveCfg = Release|Any CPU
		{7202C980-90B1-41E7-BFE4-C10350B8C409}.Release|Any CPU.Build.0 = Release|Any CPU
		{38ABE6D6-9078-414F-BC6E-8DCF13234C70}.Debug|Any CPU.ActiveCfg = Debug|Any CPU
		{38ABE6D6-9078-414F-BC6E-8DCF13234C70}.Debug|Any CPU.Build.0 = Debug|Any CPU
		{38ABE6D6-9078-414F-BC6E-8DCF13234C70}.Release|Any CPU.ActiveCfg = Release|Any CPU
		{38ABE6D6-9078-414F-BC6E-8DCF13234C70}.Release|Any CPU.Build.0 = Release|Any CPU
		{E9A44D5D-EC8F-4385-862F-15814A03B475}.Debug|Any CPU.ActiveCfg = Debug|Any CPU
		{E9A44D5D-EC8F-4385-862F-15814A03B475}.Debug|Any CPU.Build.0 = Debug|Any CPU
		{E9A44D5D-EC8F-4385-862F-15814A03B475}.Release|Any CPU.ActiveCfg = Release|Any CPU
		{E9A44D5D-EC8F-4385-862F-15814A03B475}.Release|Any CPU.Build.0 = Release|Any CPU
		{28F067C6-6D9C-4A7B-8CC2-94CF0B36CA0E}.Debug|Any CPU.ActiveCfg = Debug|Any CPU
		{28F067C6-6D9C-4A7B-8CC2-94CF0B36CA0E}.Debug|Any CPU.Build.0 = Debug|Any CPU
		{28F067C6-6D9C-4A7B-8CC2-94CF0B36CA0E}.Release|Any CPU.ActiveCfg = Release|Any CPU
		{28F067C6-6D9C-4A7B-8CC2-94CF0B36CA0E}.Release|Any CPU.Build.0 = Release|Any CPU
		{A119D857-23EB-4B6E-99C3-809CFCA1A253}.Debug|Any CPU.ActiveCfg = Debug|Any CPU
		{A119D857-23EB-4B6E-99C3-809CFCA1A253}.Debug|Any CPU.Build.0 = Debug|Any CPU
		{A119D857-23EB-4B6E-99C3-809CFCA1A253}.Release|Any CPU.ActiveCfg = Release|Any CPU
		{A119D857-23EB-4B6E-99C3-809CFCA1A253}.Release|Any CPU.Build.0 = Release|Any CPU
	EndGlobalSection
	GlobalSection(SolutionProperties) = preSolution
		HideSolutionNode = FALSE
	EndGlobalSection
	GlobalSection(ExtensibilityGlobals) = postSolution
		SolutionGuid = {B569DCF3-5723-4249-AAE4-1FF32E6AC307}
	EndGlobalSection
EndGlobal
